
Microsoft Visual Studio Solution File, Format Version 12.00
# Visual Studio Version 16
VisualStudioVersion = 16.0.32106.194
MinimumVisualStudioVersion = 10.0.40219.1
Project("{FAE04EC0-301F-11D3-BF4B-00C04F79EFBC}") = "WepTableWork2019", "WepTableWork2019\WepTableWork2019.csproj", "{F6100B33-589F-4BEA-90E3-5F70362C6224}"
EndProject
Global
	GlobalSection(SolutionConfigurationPlatforms) = preSolution
		Debug|Any CPU = Debug|Any CPU
		Release|Any CPU = Release|Any CPU
	EndGlobalSection
	GlobalSection(ProjectConfigurationPlatforms) = postSolution
		{F6100B33-589F-4BEA-90E3-5F70362C6224}.Debug|Any CPU.ActiveCfg = Debug|Any CPU
		{F6100B33-589F-4BEA-90E3-5F70362C6224}.Debug|Any CPU.Build.0 = Debug|Any CPU
		{F6100B33-589F-4BEA-90E3-5F70362C6224}.Release|Any CPU.ActiveCfg = Release|Any CPU
		{F6100B33-589F-4BEA-90E3-5F70362C6224}.Release|Any CPU.Build.0 = Release|Any CPU
	EndGlobalSection
	GlobalSection(SolutionProperties) = preSolution
		HideSolutionNode = FALSE
	EndGlobalSection
	GlobalSection(ExtensibilityGlobals) = postSolution
		SolutionGuid = {F7A7831B-C6DE-4900-9B91-6205998B078E}
	EndGlobalSection
EndGlobal
